<?xml version="1.0" encoding="utf-8"?>
<Project ToolsVersion="4.0" xmlns="http://schemas.microsoft.com/developer/msbuild/2003">
  <ItemGroup>
    <ClCompile Include="src\ofApp.cpp">
      <Filter>src</Filter>
    </ClCompile>
    <ClCompile Include="src\main.cpp">
      <Filter>src</Filter>
    </ClCompile>
    <ClCompile Include="src\imgui-1.67\imgui.cpp">
      <Filter>src\imgui-1.67</Filter>
    </ClCompile>
    <ClCompile Include="src\imgui-1.67\imgui_demo.cpp">
      <Filter>src\imgui-1.67</Filter>
    </ClCompile>
    <ClCompile Include="src\imgui-1.67\imgui_draw.cpp">
      <Filter>src\imgui-1.67</Filter>
    </ClCompile>
    <ClCompile Include="src\imgui-1.67\imgui_impl_glfw.cpp">
      <Filter>src\imgui-1.67</Filter>
    </ClCompile>
    <ClCompile Include="src\imgui-1.67\imgui_impl_opengl2.cpp">
      <Filter>src\imgui-1.67</Filter>
    </ClCompile>
    <ClCompile Include="src\imgui-1.67\imgui_widgets.cpp">
      <Filter>src\imgui-1.67</Filter>
    </ClCompile>
    <ClCompile Include="src\houdini_alembic.cpp">
      <Filter>src</Filter>
    </ClCompile>
    <ClCompile Include="src\unit_test.cpp">
      <Filter>src</Filter>
    </ClCompile>
    <ClCompile Include="src\abc\Alembic\Abc\ArchiveInfo_Abc.cpp">
      <Filter>src\abc</Filter>
    </ClCompile>
    <ClCompile Include="src\abc\Alembic\Abc\ErrorHandler_Abc.cpp">
      <Filter>src\abc</Filter>
    </ClCompile>
    <ClCompile Include="src\abc\Alembic\Abc\IArchive_Abc.cpp">
      <Filter>src\abc</Filter>
    </ClCompile>
    <ClCompile Include="src\abc\Alembic\Abc\IArrayProperty_Abc.cpp">
      <Filter>src\abc</Filter>
    </ClCompile>
    <ClCompile Include="src\abc\Alembic\Abc\ICompoundProperty_Abc.cpp">
      <Filter>src\abc</Filter>
    </ClCompile>
    <ClCompile Include="src\abc\Alembic\Abc\IObject_Abc.cpp">
      <Filter>src\abc</Filter>
    </ClCompile>
    <ClCompile Include="src\abc\Alembic\Abc\ISampleSelector_Abc.cpp">
      <Filter>src\abc</Filter>
    </ClCompile>
    <ClCompile Include="src\abc\Alembic\Abc\IScalarProperty_Abc.cpp">
      <Filter>src\abc</Filter>
    </ClCompile>
    <ClCompile Include="src\abc\Alembic\Abc\OArchive_Abc.cpp">
      <Filter>src\abc</Filter>
    </ClCompile>
    <ClCompile Include="src\abc\Alembic\Abc\OArrayProperty_Abc.cpp">
      <Filter>src\abc</Filter>
    </ClCompile>
    <ClCompile Include="src\abc\Alembic\Abc\OCompoundProperty_Abc.cpp">
      <Filter>src\abc</Filter>
    </ClCompile>
    <ClCompile Include="src\abc\Alembic\Abc\OObject_Abc.cpp">
      <Filter>src\abc</Filter>
    </ClCompile>
    <ClCompile Include="src\abc\Alembic\Abc\OScalarProperty_Abc.cpp">
      <Filter>src\abc</Filter>
    </ClCompile>
    <ClCompile Include="src\abc\Alembic\Abc\Reference_Abc.cpp">
      <Filter>src\abc</Filter>
    </ClCompile>
    <ClCompile Include="src\abc\Alembic\Abc\SourceName_Abc.cpp">
      <Filter>src\abc</Filter>
    </ClCompile>
    <ClCompile Include="src\abc\Alembic\AbcCollection\ICollections_AbcCollection.cpp">
      <Filter>src\abc</Filter>
    </ClCompile>
    <ClCompile Include="src\abc\Alembic\AbcCollection\OCollections_AbcCollection.cpp">
      <Filter>src\abc</Filter>
    </ClCompile>
    <ClCompile Include="src\abc\Alembic\AbcCoreAbstract\ArchiveReader_AbcCoreAbstract.cpp">
      <Filter>src\abc</Filter>
    </ClCompile>
    <ClCompile Include="src\abc\Alembic\AbcCoreAbstract\ArchiveWriter_AbcCoreAbstract.cpp">
      <Filter>src\abc</Filter>
    </ClCompile>
    <ClCompile Include="src\abc\Alembic\AbcCoreAbstract\ArrayPropertyReader_AbcCoreAbstract.cpp">
      <Filter>src\abc</Filter>
    </ClCompile>
    <ClCompile Include="src\abc\Alembic\AbcCoreAbstract\ArrayPropertyWriter_AbcCoreAbstract.cpp">
      <Filter>src\abc</Filter>
    </ClCompile>
    <ClCompile Include="src\abc\Alembic\AbcCoreAbstract\ArraySample_AbcCoreAbstract.cpp">
      <Filter>src\abc</Filter>
    </ClCompile>
    <ClCompile Include="src\abc\Alembic\AbcCoreAbstract\BasePropertyReader_AbcCoreAbstract.cpp">
      <Filter>src\abc</Filter>
    </ClCompile>
    <ClCompile Include="src\abc\Alembic\AbcCoreAbstract\BasePropertyWriter_AbcCoreAbstract.cpp">
      <Filter>src\abc</Filter>
    </ClCompile>
    <ClCompile Include="src\abc\Alembic\AbcCoreAbstract\CompoundPropertyReader_AbcCoreAbstract.cpp">
      <Filter>src\abc</Filter>
    </ClCompile>
    <ClCompile Include="src\abc\Alembic\AbcCoreAbstract\CompoundPropertyWriter_AbcCoreAbstract.cpp">
      <Filter>src\abc</Filter>
    </ClCompile>
    <ClCompile Include="src\abc\Alembic\AbcCoreAbstract\Foundation_AbcCoreAbstract.cpp">
      <Filter>src\abc</Filter>
    </ClCompile>
    <ClCompile Include="src\abc\Alembic\AbcCoreAbstract\ObjectReader_AbcCoreAbstract.cpp">
      <Filter>src\abc</Filter>
    </ClCompile>
    <ClCompile Include="src\abc\Alembic\AbcCoreAbstract\ObjectWriter_AbcCoreAbstract.cpp">
      <Filter>src\abc</Filter>
    </ClCompile>
    <ClCompile Include="src\abc\Alembic\AbcCoreAbstract\ReadArraySampleCache_AbcCoreAbstract.cpp">
      <Filter>src\abc</Filter>
    </ClCompile>
    <ClCompile Include="src\abc\Alembic\AbcCoreAbstract\ScalarPropertyReader_AbcCoreAbstract.cpp">
      <Filter>src\abc</Filter>
    </ClCompile>
    <ClCompile Include="src\abc\Alembic\AbcCoreAbstract\ScalarPropertyWriter_AbcCoreAbstract.cpp">
      <Filter>src\abc</Filter>
    </ClCompile>
    <ClCompile Include="src\abc\Alembic\AbcCoreAbstract\ScalarSample_AbcCoreAbstract.cpp">
      <Filter>src\abc</Filter>
    </ClCompile>
    <ClCompile Include="src\abc\Alembic\AbcCoreAbstract\TimeSamplingType_AbcCoreAbstract.cpp">
      <Filter>src\abc</Filter>
    </ClCompile>
    <ClCompile Include="src\abc\Alembic\AbcCoreAbstract\TimeSampling_AbcCoreAbstract.cpp">
      <Filter>src\abc</Filter>
    </ClCompile>
    <ClCompile Include="src\abc\Alembic\AbcCoreFactory\IFactory_AbcCoreFactory.cpp">
      <Filter>src\abc</Filter>
    </ClCompile>
    <ClCompile Include="src\abc\Alembic\AbcCoreLayer\ArImpl_AbcCoreLayer.cpp">
      <Filter>src\abc</Filter>
    </ClCompile>
    <ClCompile Include="src\abc\Alembic\AbcCoreLayer\CprImpl_AbcCoreLayer.cpp">
      <Filter>src\abc</Filter>
    </ClCompile>
    <ClCompile Include="src\abc\Alembic\AbcCoreLayer\OrImpl_AbcCoreLayer.cpp">
      <Filter>src\abc</Filter>
    </ClCompile>
    <ClCompile Include="src\abc\Alembic\AbcCoreLayer\Read_AbcCoreLayer.cpp">
      <Filter>src\abc</Filter>
    </ClCompile>
    <ClCompile Include="src\abc\Alembic\AbcCoreLayer\Util_AbcCoreLayer.cpp">
      <Filter>src\abc</Filter>
    </ClCompile>
    <ClCompile Include="src\abc\Alembic\AbcCoreOgawa\AprImpl_AbcCoreOgawa.cpp">
      <Filter>src\abc</Filter>
    </ClCompile>
    <ClCompile Include="src\abc\Alembic\AbcCoreOgawa\ApwImpl_AbcCoreOgawa.cpp">
      <Filter>src\abc</Filter>
    </ClCompile>
    <ClCompile Include="src\abc\Alembic\AbcCoreOgawa\ArImpl_AbcCoreOgawa.cpp">
      <Filter>src\abc</Filter>
    </ClCompile>
    <ClCompile Include="src\abc\Alembic\AbcCoreOgawa\AwImpl_AbcCoreOgawa.cpp">
      <Filter>src\abc</Filter>
    </ClCompile>
    <ClCompile Include="src\abc\Alembic\AbcCoreOgawa\CprData_AbcCoreOgawa.cpp">
      <Filter>src\abc</Filter>
    </ClCompile>
    <ClCompile Include="src\abc\Alembic\AbcCoreOgawa\CprImpl_AbcCoreOgawa.cpp">
      <Filter>src\abc</Filter>
    </ClCompile>
    <ClCompile Include="src\abc\Alembic\AbcCoreOgawa\CpwData_AbcCoreOgawa.cpp">
      <Filter>src\abc</Filter>
    </ClCompile>
    <ClCompile Include="src\abc\Alembic\AbcCoreOgawa\CpwImpl_AbcCoreOgawa.cpp">
      <Filter>src\abc</Filter>
    </ClCompile>
    <ClCompile Include="src\abc\Alembic\AbcCoreOgawa\MetaDataMap_AbcCoreOgawa.cpp">
      <Filter>src\abc</Filter>
    </ClCompile>
    <ClCompile Include="src\abc\Alembic\AbcCoreOgawa\OrData_AbcCoreOgawa.cpp">
      <Filter>src\abc</Filter>
    </ClCompile>
    <ClCompile Include="src\abc\Alembic\AbcCoreOgawa\OrImpl_AbcCoreOgawa.cpp">
      <Filter>src\abc</Filter>
    </ClCompile>
    <ClCompile Include="src\abc\Alembic\AbcCoreOgawa\OwData_AbcCoreOgawa.cpp">
      <Filter>src\abc</Filter>
    </ClCompile>
    <ClCompile Include="src\abc\Alembic\AbcCoreOgawa\OwImpl_AbcCoreOgawa.cpp">
      <Filter>src\abc</Filter>
    </ClCompile>
    <ClCompile Include="src\abc\Alembic\AbcCoreOgawa\ReadUtil_AbcCoreOgawa.cpp">
      <Filter>src\abc</Filter>
    </ClCompile>
    <ClCompile Include="src\abc\Alembic\AbcCoreOgawa\ReadWrite_AbcCoreOgawa.cpp">
      <Filter>src\abc</Filter>
    </ClCompile>
    <ClCompile Include="src\abc\Alembic\AbcCoreOgawa\SprImpl_AbcCoreOgawa.cpp">
      <Filter>src\abc</Filter>
    </ClCompile>
    <ClCompile Include="src\abc\Alembic\AbcCoreOgawa\SpwImpl_AbcCoreOgawa.cpp">
      <Filter>src\abc</Filter>
    </ClCompile>
    <ClCompile Include="src\abc\Alembic\AbcCoreOgawa\StreamManager_AbcCoreOgawa.cpp">
      <Filter>src\abc</Filter>
    </ClCompile>
    <ClCompile Include="src\abc\Alembic\AbcCoreOgawa\WriteUtil_AbcCoreOgawa.cpp">
      <Filter>src\abc</Filter>
    </ClCompile>
    <ClCompile Include="src\abc\Alembic\AbcGeom\ArchiveBounds_AbcGeom.cpp">
      <Filter>src\abc</Filter>
    </ClCompile>
    <ClCompile Include="src\abc\Alembic\AbcGeom\Basis_AbcGeom.cpp">
      <Filter>src\abc</Filter>
    </ClCompile>
    <ClCompile Include="src\abc\Alembic\AbcGeom\CameraSample_AbcGeom.cpp">
      <Filter>src\abc</Filter>
    </ClCompile>
    <ClCompile Include="src\abc\Alembic\AbcGeom\FilmBackXformOp_AbcGeom.cpp">
      <Filter>src\abc</Filter>
    </ClCompile>
    <ClCompile Include="src\abc\Alembic\AbcGeom\GeometryScope_AbcGeom.cpp">
      <Filter>src\abc</Filter>
    </ClCompile>
    <ClCompile Include="src\abc\Alembic\AbcGeom\ICamera_AbcGeom.cpp">
      <Filter>src\abc</Filter>
    </ClCompile>
    <ClCompile Include="src\abc\Alembic\AbcGeom\ICurves_AbcGeom.cpp">
      <Filter>src\abc</Filter>
    </ClCompile>
    <ClCompile Include="src\abc\Alembic\AbcGeom\IFaceSet_AbcGeom.cpp">
      <Filter>src\abc</Filter>
    </ClCompile>
    <ClCompile Include="src\abc\Alembic\AbcGeom\ILight_AbcGeom.cpp">
      <Filter>src\abc</Filter>
    </ClCompile>
    <ClCompile Include="src\abc\Alembic\AbcGeom\INuPatch_AbcGeom.cpp">
      <Filter>src\abc</Filter>
    </ClCompile>
    <ClCompile Include="src\abc\Alembic\AbcGeom\IPoints_AbcGeom.cpp">
      <Filter>src\abc</Filter>
    </ClCompile>
    <ClCompile Include="src\abc\Alembic\AbcGeom\IPolyMesh_AbcGeom.cpp">
      <Filter>src\abc</Filter>
    </ClCompile>
    <ClCompile Include="src\abc\Alembic\AbcGeom\ISubD_AbcGeom.cpp">
      <Filter>src\abc</Filter>
    </ClCompile>
    <ClCompile Include="src\abc\Alembic\AbcGeom\IXform_AbcGeom.cpp">
      <Filter>src\abc</Filter>
    </ClCompile>
    <ClCompile Include="src\abc\Alembic\AbcGeom\OCamera_AbcGeom.cpp">
      <Filter>src\abc</Filter>
    </ClCompile>
    <ClCompile Include="src\abc\Alembic\AbcGeom\OCurves_AbcGeom.cpp">
      <Filter>src\abc</Filter>
    </ClCompile>
    <ClCompile Include="src\abc\Alembic\AbcGeom\OFaceSet_AbcGeom.cpp">
      <Filter>src\abc</Filter>
    </ClCompile>
    <ClCompile Include="src\abc\Alembic\AbcGeom\OLight_AbcGeom.cpp">
      <Filter>src\abc</Filter>
    </ClCompile>
    <ClCompile Include="src\abc\Alembic\AbcGeom\ONuPatch_AbcGeom.cpp">
      <Filter>src\abc</Filter>
    </ClCompile>
    <ClCompile Include="src\abc\Alembic\AbcGeom\OPoints_AbcGeom.cpp">
      <Filter>src\abc</Filter>
    </ClCompile>
    <ClCompile Include="src\abc\Alembic\AbcGeom\OPolyMesh_AbcGeom.cpp">
      <Filter>src\abc</Filter>
    </ClCompile>
    <ClCompile Include="src\abc\Alembic\AbcGeom\OSubD_AbcGeom.cpp">
      <Filter>src\abc</Filter>
    </ClCompile>
    <ClCompile Include="src\abc\Alembic\AbcGeom\OXform_AbcGeom.cpp">
      <Filter>src\abc</Filter>
    </ClCompile>
    <ClCompile Include="src\abc\Alembic\AbcGeom\Visibility_AbcGeom.cpp">
      <Filter>src\abc</Filter>
    </ClCompile>
    <ClCompile Include="src\abc\Alembic\AbcGeom\XformOp_AbcGeom.cpp">
      <Filter>src\abc</Filter>
    </ClCompile>
    <ClCompile Include="src\abc\Alembic\AbcGeom\XformSample_AbcGeom.cpp">
      <Filter>src\abc</Filter>
    </ClCompile>
    <ClCompile Include="src\abc\Alembic\AbcMaterial\IMaterial_AbcMaterial.cpp">
      <Filter>src\abc</Filter>
    </ClCompile>
    <ClCompile Include="src\abc\Alembic\AbcMaterial\InternalUtil_AbcMaterial.cpp">
      <Filter>src\abc</Filter>
    </ClCompile>
    <ClCompile Include="src\abc\Alembic\AbcMaterial\MaterialAssignment_AbcMaterial.cpp">
      <Filter>src\abc</Filter>
    </ClCompile>
    <ClCompile Include="src\abc\Alembic\AbcMaterial\MaterialFlatten_AbcMaterial.cpp">
      <Filter>src\abc</Filter>
    </ClCompile>
    <ClCompile Include="src\abc\Alembic\AbcMaterial\OMaterial_AbcMaterial.cpp">
      <Filter>src\abc</Filter>
    </ClCompile>
    <ClCompile Include="src\abc\Alembic\Ogawa\IArchive_Ogawa.cpp">
      <Filter>src\abc</Filter>
    </ClCompile>
    <ClCompile Include="src\abc\Alembic\Ogawa\IData_Ogawa.cpp">
      <Filter>src\abc</Filter>
    </ClCompile>
    <ClCompile Include="src\abc\Alembic\Ogawa\IGroup_Ogawa.cpp">
      <Filter>src\abc</Filter>
    </ClCompile>
    <ClCompile Include="src\abc\Alembic\Ogawa\IStreams_Ogawa.cpp">
      <Filter>src\abc</Filter>
    </ClCompile>
    <ClCompile Include="src\abc\Alembic\Ogawa\OArchive_Ogawa.cpp">
      <Filter>src\abc</Filter>
    </ClCompile>
    <ClCompile Include="src\abc\Alembic\Ogawa\OData_Ogawa.cpp">
      <Filter>src\abc</Filter>
    </ClCompile>
    <ClCompile Include="src\abc\Alembic\Ogawa\OGroup_Ogawa.cpp">
      <Filter>src\abc</Filter>
    </ClCompile>
    <ClCompile Include="src\abc\Alembic\Ogawa\OStream_Ogawa.cpp">
      <Filter>src\abc</Filter>
    </ClCompile>
    <ClCompile Include="src\abc\Alembic\Util\Murmur3_Util.cpp">
      <Filter>src\abc</Filter>
    </ClCompile>
    <ClCompile Include="src\abc\Alembic\Util\Naming_Util.cpp">
      <Filter>src\abc</Filter>
    </ClCompile>
    <ClCompile Include="src\abc\Alembic\Util\SpookyV2_Util.cpp">
      <Filter>src\abc</Filter>
    </ClCompile>
    <ClCompile Include="src\abc\Alembic\Util\TokenMap_Util.cpp">
      <Filter>src\abc</Filter>
    </ClCompile>
    <ClCompile Include="src\abc\half_half.cpp">
      <Filter>src\abc</Filter>
    </ClCompile>
    <ClCompile Include="src\abc\IexBaseExc_IexBaseExc.cpp">
      <Filter>src\abc</Filter>
    </ClCompile>
    <ClCompile Include="src\abc\IexMathFloatExc_IexMathFloatExc.cpp">
      <Filter>src\abc</Filter>
    </ClCompile>
    <ClCompile Include="src\abc\IexMathFpu_IexMathFpu.cpp">
      <Filter>src\abc</Filter>
    </ClCompile>
    <ClCompile Include="src\abc\IexThrowErrnoExc_IexThrowErrnoExc.cpp">
      <Filter>src\abc</Filter>
    </ClCompile>
    <ClCompile Include="src\abc\IlmThreadMutexPosix_IlmThreadMutexPosix.cpp">
      <Filter>src\abc</Filter>
    </ClCompile>
    <ClCompile Include="src\abc\IlmThreadMutexWin32_IlmThreadMutexWin32.cpp">
      <Filter>src\abc</Filter>
    </ClCompile>
    <ClCompile Include="src\abc\IlmThreadMutex_IlmThreadMutex.cpp">
      <Filter>src\abc</Filter>
    </ClCompile>
    <ClCompile Include="src\abc\IlmThreadPool_IlmThreadPool.cpp">
      <Filter>src\abc</Filter>
    </ClCompile>
    <ClCompile Include="src\abc\IlmThreadPosix_IlmThreadPosix.cpp">
      <Filter>src\abc</Filter>
    </ClCompile>
    <ClCompile Include="src\abc\IlmThreadSemaphorePosixCompat_IlmThreadSemaphorePosixCompat.cpp">
      <Filter>src\abc</Filter>
    </ClCompile>
    <ClCompile Include="src\abc\IlmThreadSemaphorePosix_IlmThreadSemaphorePosix.cpp">
      <Filter>src\abc</Filter>
    </ClCompile>
    <ClCompile Include="src\abc\IlmThreadSemaphoreWin32_IlmThreadSemaphoreWin32.cpp">
      <Filter>src\abc</Filter>
    </ClCompile>
    <ClCompile Include="src\abc\IlmThreadSemaphore_IlmThreadSemaphore.cpp">
      <Filter>src\abc</Filter>
    </ClCompile>
    <ClCompile Include="src\abc\IlmThreadWin32_IlmThreadWin32.cpp">
      <Filter>src\abc</Filter>
    </ClCompile>
    <ClCompile Include="src\abc\IlmThread_IlmThread.cpp">
      <Filter>src\abc</Filter>
    </ClCompile>
    <ClCompile Include="src\abc\ImathBox_ImathBox.cpp">
      <Filter>src\abc</Filter>
    </ClCompile>
    <ClCompile Include="src\abc\ImathColorAlgo_ImathColorAlgo.cpp">
      <Filter>src\abc</Filter>
    </ClCompile>
    <ClCompile Include="src\abc\ImathFun_ImathFun.cpp">
      <Filter>src\abc</Filter>
    </ClCompile>
    <ClCompile Include="src\abc\ImathMatrixAlgo_ImathMatrixAlgo.cpp">
      <Filter>src\abc</Filter>
    </ClCompile>
    <ClCompile Include="src\abc\ImathRandom_ImathRandom.cpp">
      <Filter>src\abc</Filter>
    </ClCompile>
    <ClCompile Include="src\abc\ImathShear_ImathShear.cpp">
      <Filter>src\abc</Filter>
    </ClCompile>
    <ClCompile Include="src\abc\ImathVec_ImathVec.cpp">
      <Filter>src\abc</Filter>
    </ClCompile>
  </ItemGroup>
  <ItemGroup>
    <Filter Include="src">
      <UniqueIdentifier>{d8376475-7454-4a24-b08a-aac121d3ad6f}</UniqueIdentifier>
    </Filter>
    <Filter Include="src\imgui-1.67">
      <UniqueIdentifier>{985a5b6b-24a7-4600-90fc-133aed2004d7}</UniqueIdentifier>
    </Filter>
    <Filter Include="src\abc">
      <UniqueIdentifier>{a27d58e7-def8-44fd-b88e-e31af6b5c5fc}</UniqueIdentifier>
    </Filter>
  </ItemGroup>
  <ItemGroup>
    <ClInclude Include="src\ofApp.h">
      <Filter>src</Filter>
    </ClInclude>
    <ClInclude Include="src\imgui-1.67\imstb_truetype.h">
      <Filter>src\imgui-1.67</Filter>
    </ClInclude>
    <ClInclude Include="src\imgui-1.67\imconfig.h">
      <Filter>src\imgui-1.67</Filter>
    </ClInclude>
    <ClInclude Include="src\imgui-1.67\imgui.h">
      <Filter>src\imgui-1.67</Filter>
    </ClInclude>
    <ClInclude Include="src\imgui-1.67\imgui_impl_glfw.h">
      <Filter>src\imgui-1.67</Filter>
    </ClInclude>
    <ClInclude Include="src\imgui-1.67\imgui_impl_opengl2.h">
      <Filter>src\imgui-1.67</Filter>
    </ClInclude>
    <ClInclude Include="src\imgui-1.67\imgui_internal.h">
      <Filter>src\imgui-1.67</Filter>
    </ClInclude>
    <ClInclude Include="src\imgui-1.67\imstb_rectpack.h">
      <Filter>src\imgui-1.67</Filter>
    </ClInclude>
    <ClInclude Include="src\imgui-1.67\imstb_textedit.h">
      <Filter>src\imgui-1.67</Filter>
    </ClInclude>
    <ClInclude Include="src\houdini_alembic.hpp">
      <Filter>src</Filter>
    </ClInclude>
    <ClInclude Include="src\unit_test.hpp">
      <Filter>src</Filter>
    </ClInclude>
    <ClInclude Include="src\abc\Alembic\Abc\All.h">
      <Filter>src\abc</Filter>
    </ClInclude>
    <ClInclude Include="src\abc\Alembic\Abc\ArchiveInfo.h">
      <Filter>src\abc</Filter>
    </ClInclude>
    <ClInclude Include="src\abc\Alembic\Abc\Argument.h">
      <Filter>src\abc</Filter>
    </ClInclude>
    <ClInclude Include="src\abc\Alembic\Abc\Base.h">
      <Filter>src\abc</Filter>
    </ClInclude>
    <ClInclude Include="src\abc\Alembic\Abc\ErrorHandler.h">
      <Filter>src\abc</Filter>
    </ClInclude>
    <ClInclude Include="src\abc\Alembic\Abc\Foundation.h">
      <Filter>src\abc</Filter>
    </ClInclude>
    <ClInclude Include="src\abc\Alembic\Abc\IArchive.h">
      <Filter>src\abc</Filter>
    </ClInclude>
    <ClInclude Include="src\abc\Alembic\Abc\IArrayProperty.h">
      <Filter>src\abc</Filter>
    </ClInclude>
    <ClInclude Include="src\abc\Alembic\Abc\IBaseProperty.h">
      <Filter>src\abc</Filter>
    </ClInclude>
    <ClInclude Include="src\abc\Alembic\Abc\ICompoundProperty.h">
      <Filter>src\abc</Filter>
    </ClInclude>
    <ClInclude Include="src\abc\Alembic\Abc\IObject.h">
      <Filter>src\abc</Filter>
    </ClInclude>
    <ClInclude Include="src\abc\Alembic\Abc\ISampleSelector.h">
      <Filter>src\abc</Filter>
    </ClInclude>
    <ClInclude Include="src\abc\Alembic\Abc\IScalarProperty.h">
      <Filter>src\abc</Filter>
    </ClInclude>
    <ClInclude Include="src\abc\Alembic\Abc\ISchema.h">
      <Filter>src\abc</Filter>
    </ClInclude>
    <ClInclude Include="src\abc\Alembic\Abc\ISchemaObject.h">
      <Filter>src\abc</Filter>
    </ClInclude>
    <ClInclude Include="src\abc\Alembic\Abc\ITypedArrayProperty.h">
      <Filter>src\abc</Filter>
    </ClInclude>
    <ClInclude Include="src\abc\Alembic\Abc\ITypedScalarProperty.h">
      <Filter>src\abc</Filter>
    </ClInclude>
    <ClInclude Include="src\abc\Alembic\Abc\OArchive.h">
      <Filter>src\abc</Filter>
    </ClInclude>
    <ClInclude Include="src\abc\Alembic\Abc\OArrayProperty.h">
      <Filter>src\abc</Filter>
    </ClInclude>
    <ClInclude Include="src\abc\Alembic\Abc\OBaseProperty.h">
      <Filter>src\abc</Filter>
    </ClInclude>
    <ClInclude Include="src\abc\Alembic\Abc\OCompoundProperty.h">
      <Filter>src\abc</Filter>
    </ClInclude>
    <ClInclude Include="src\abc\Alembic\Abc\OObject.h">
      <Filter>src\abc</Filter>
    </ClInclude>
    <ClInclude Include="src\abc\Alembic\Abc\OScalarProperty.h">
      <Filter>src\abc</Filter>
    </ClInclude>
    <ClInclude Include="src\abc\Alembic\Abc\OSchema.h">
      <Filter>src\abc</Filter>
    </ClInclude>
    <ClInclude Include="src\abc\Alembic\Abc\OSchemaObject.h">
      <Filter>src\abc</Filter>
    </ClInclude>
    <ClInclude Include="src\abc\Alembic\Abc\OTypedArrayProperty.h">
      <Filter>src\abc</Filter>
    </ClInclude>
    <ClInclude Include="src\abc\Alembic\Abc\OTypedScalarProperty.h">
      <Filter>src\abc</Filter>
    </ClInclude>
    <ClInclude Include="src\abc\Alembic\Abc\Reference.h">
      <Filter>src\abc</Filter>
    </ClInclude>
    <ClInclude Include="src\abc\Alembic\Abc\SourceName.h">
      <Filter>src\abc</Filter>
    </ClInclude>
    <ClInclude Include="src\abc\Alembic\Abc\TypedArraySample.h">
      <Filter>src\abc</Filter>
    </ClInclude>
    <ClInclude Include="src\abc\Alembic\Abc\TypedPropertyTraits.h">
      <Filter>src\abc</Filter>
    </ClInclude>
    <ClInclude Include="src\abc\Alembic\AbcCollection\All.h">
      <Filter>src\abc</Filter>
    </ClInclude>
    <ClInclude Include="src\abc\Alembic\AbcCollection\ICollections.h">
      <Filter>src\abc</Filter>
    </ClInclude>
    <ClInclude Include="src\abc\Alembic\AbcCollection\OCollections.h">
      <Filter>src\abc</Filter>
    </ClInclude>
    <ClInclude Include="src\abc\Alembic\AbcCollection\SchemaInfoDeclarations.h">
      <Filter>src\abc</Filter>
    </ClInclude>
    <ClInclude Include="src\abc\Alembic\AbcCoreAbstract\All.h">
      <Filter>src\abc</Filter>
    </ClInclude>
    <ClInclude Include="src\abc\Alembic\AbcCoreAbstract\ArchiveReader.h">
      <Filter>src\abc</Filter>
    </ClInclude>
    <ClInclude Include="src\abc\Alembic\AbcCoreAbstract\ArchiveWriter.h">
      <Filter>src\abc</Filter>
    </ClInclude>
    <ClInclude Include="src\abc\Alembic\AbcCoreAbstract\ArrayPropertyReader.h">
      <Filter>src\abc</Filter>
    </ClInclude>
    <ClInclude Include="src\abc\Alembic\AbcCoreAbstract\ArrayPropertyWriter.h">
      <Filter>src\abc</Filter>
    </ClInclude>
    <ClInclude Include="src\abc\Alembic\AbcCoreAbstract\ArraySample.h">
      <Filter>src\abc</Filter>
    </ClInclude>
    <ClInclude Include="src\abc\Alembic\AbcCoreAbstract\ArraySampleKey.h">
      <Filter>src\abc</Filter>
    </ClInclude>
    <ClInclude Include="src\abc\Alembic\AbcCoreAbstract\BasePropertyReader.h">
      <Filter>src\abc</Filter>
    </ClInclude>
    <ClInclude Include="src\abc\Alembic\AbcCoreAbstract\BasePropertyWriter.h">
      <Filter>src\abc</Filter>
    </ClInclude>
    <ClInclude Include="src\abc\Alembic\AbcCoreAbstract\CompoundPropertyReader.h">
      <Filter>src\abc</Filter>
    </ClInclude>
    <ClInclude Include="src\abc\Alembic\AbcCoreAbstract\CompoundPropertyWriter.h">
      <Filter>src\abc</Filter>
    </ClInclude>
    <ClInclude Include="src\abc\Alembic\AbcCoreAbstract\DataType.h">
      <Filter>src\abc</Filter>
    </ClInclude>
    <ClInclude Include="src\abc\Alembic\AbcCoreAbstract\ForwardDeclarations.h">
      <Filter>src\abc</Filter>
    </ClInclude>
    <ClInclude Include="src\abc\Alembic\AbcCoreAbstract\Foundation.h">
      <Filter>src\abc</Filter>
    </ClInclude>
    <ClInclude Include="src\abc\Alembic\AbcCoreAbstract\MetaData.h">
      <Filter>src\abc</Filter>
    </ClInclude>
    <ClInclude Include="src\abc\Alembic\AbcCoreAbstract\ObjectHeader.h">
      <Filter>src\abc</Filter>
    </ClInclude>
    <ClInclude Include="src\abc\Alembic\AbcCoreAbstract\ObjectReader.h">
      <Filter>src\abc</Filter>
    </ClInclude>
    <ClInclude Include="src\abc\Alembic\AbcCoreAbstract\ObjectWriter.h">
      <Filter>src\abc</Filter>
    </ClInclude>
    <ClInclude Include="src\abc\Alembic\AbcCoreAbstract\PropertyHeader.h">
      <Filter>src\abc</Filter>
    </ClInclude>
    <ClInclude Include="src\abc\Alembic\AbcCoreAbstract\ReadArraySampleCache.h">
      <Filter>src\abc</Filter>
    </ClInclude>
    <ClInclude Include="src\abc\Alembic\AbcCoreAbstract\ScalarPropertyReader.h">
      <Filter>src\abc</Filter>
    </ClInclude>
    <ClInclude Include="src\abc\Alembic\AbcCoreAbstract\ScalarPropertyWriter.h">
      <Filter>src\abc</Filter>
    </ClInclude>
    <ClInclude Include="src\abc\Alembic\AbcCoreAbstract\ScalarSample.h">
      <Filter>src\abc</Filter>
    </ClInclude>
    <ClInclude Include="src\abc\Alembic\AbcCoreAbstract\TimeSampling.h">
      <Filter>src\abc</Filter>
    </ClInclude>
    <ClInclude Include="src\abc\Alembic\AbcCoreAbstract\TimeSamplingType.h">
      <Filter>src\abc</Filter>
    </ClInclude>
    <ClInclude Include="src\abc\Alembic\AbcCoreFactory\All.h">
      <Filter>src\abc</Filter>
    </ClInclude>
    <ClInclude Include="src\abc\Alembic\AbcCoreFactory\IFactory.h">
      <Filter>src\abc</Filter>
    </ClInclude>
    <ClInclude Include="src\abc\Alembic\AbcCoreLayer\ArImpl.h">
      <Filter>src\abc</Filter>
    </ClInclude>
    <ClInclude Include="src\abc\Alembic\AbcCoreLayer\CprImpl.h">
      <Filter>src\abc</Filter>
    </ClInclude>
    <ClInclude Include="src\abc\Alembic\AbcCoreLayer\Foundation.h">
      <Filter>src\abc</Filter>
    </ClInclude>
    <ClInclude Include="src\abc\Alembic\AbcCoreLayer\OrImpl.h">
      <Filter>src\abc</Filter>
    </ClInclude>
    <ClInclude Include="src\abc\Alembic\AbcCoreLayer\Read.h">
      <Filter>src\abc</Filter>
    </ClInclude>
    <ClInclude Include="src\abc\Alembic\AbcCoreLayer\Util.h">
      <Filter>src\abc</Filter>
    </ClInclude>
    <ClInclude Include="src\abc\Alembic\AbcCoreOgawa\All.h">
      <Filter>src\abc</Filter>
    </ClInclude>
    <ClInclude Include="src\abc\Alembic\AbcCoreOgawa\AprImpl.h">
      <Filter>src\abc</Filter>
    </ClInclude>
    <ClInclude Include="src\abc\Alembic\AbcCoreOgawa\ApwImpl.h">
      <Filter>src\abc</Filter>
    </ClInclude>
    <ClInclude Include="src\abc\Alembic\AbcCoreOgawa\ArImpl.h">
      <Filter>src\abc</Filter>
    </ClInclude>
    <ClInclude Include="src\abc\Alembic\AbcCoreOgawa\AwImpl.h">
      <Filter>src\abc</Filter>
    </ClInclude>
    <ClInclude Include="src\abc\Alembic\AbcCoreOgawa\CprData.h">
      <Filter>src\abc</Filter>
    </ClInclude>
    <ClInclude Include="src\abc\Alembic\AbcCoreOgawa\CprImpl.h">
      <Filter>src\abc</Filter>
    </ClInclude>
    <ClInclude Include="src\abc\Alembic\AbcCoreOgawa\CpwData.h">
      <Filter>src\abc</Filter>
    </ClInclude>
    <ClInclude Include="src\abc\Alembic\AbcCoreOgawa\CpwImpl.h">
      <Filter>src\abc</Filter>
    </ClInclude>
    <ClInclude Include="src\abc\Alembic\AbcCoreOgawa\Foundation.h">
      <Filter>src\abc</Filter>
    </ClInclude>
    <ClInclude Include="src\abc\Alembic\AbcCoreOgawa\MetaDataMap.h">
      <Filter>src\abc</Filter>
    </ClInclude>
    <ClInclude Include="src\abc\Alembic\AbcCoreOgawa\OrData.h">
      <Filter>src\abc</Filter>
    </ClInclude>
    <ClInclude Include="src\abc\Alembic\AbcCoreOgawa\OrImpl.h">
      <Filter>src\abc</Filter>
    </ClInclude>
    <ClInclude Include="src\abc\Alembic\AbcCoreOgawa\OwData.h">
      <Filter>src\abc</Filter>
    </ClInclude>
    <ClInclude Include="src\abc\Alembic\AbcCoreOgawa\OwImpl.h">
      <Filter>src\abc</Filter>
    </ClInclude>
    <ClInclude Include="src\abc\Alembic\AbcCoreOgawa\ReadUtil.h">
      <Filter>src\abc</Filter>
    </ClInclude>
    <ClInclude Include="src\abc\Alembic\AbcCoreOgawa\ReadWrite.h">
      <Filter>src\abc</Filter>
    </ClInclude>
    <ClInclude Include="src\abc\Alembic\AbcCoreOgawa\SprImpl.h">
      <Filter>src\abc</Filter>
    </ClInclude>
    <ClInclude Include="src\abc\Alembic\AbcCoreOgawa\SpwImpl.h">
      <Filter>src\abc</Filter>
    </ClInclude>
    <ClInclude Include="src\abc\Alembic\AbcCoreOgawa\StreamManager.h">
      <Filter>src\abc</Filter>
    </ClInclude>
    <ClInclude Include="src\abc\Alembic\AbcCoreOgawa\WriteUtil.h">
      <Filter>src\abc</Filter>
    </ClInclude>
    <ClInclude Include="src\abc\Alembic\AbcCoreOgawa\WrittenSampleMap.h">
      <Filter>src\abc</Filter>
    </ClInclude>
    <ClInclude Include="src\abc\Alembic\AbcGeom\All.h">
      <Filter>src\abc</Filter>
    </ClInclude>
    <ClInclude Include="src\abc\Alembic\AbcGeom\ArchiveBounds.h">
      <Filter>src\abc</Filter>
    </ClInclude>
    <ClInclude Include="src\abc\Alembic\AbcGeom\Basis.h">
      <Filter>src\abc</Filter>
    </ClInclude>
    <ClInclude Include="src\abc\Alembic\AbcGeom\CameraSample.h">
      <Filter>src\abc</Filter>
    </ClInclude>
    <ClInclude Include="src\abc\Alembic\AbcGeom\CurveType.h">
      <Filter>src\abc</Filter>
    </ClInclude>
    <ClInclude Include="src\abc\Alembic\AbcGeom\FaceSetExclusivity.h">
      <Filter>src\abc</Filter>
    </ClInclude>
    <ClInclude Include="src\abc\Alembic\AbcGeom\FilmBackXformOp.h">
      <Filter>src\abc</Filter>
    </ClInclude>
    <ClInclude Include="src\abc\Alembic\AbcGeom\Foundation.h">
      <Filter>src\abc</Filter>
    </ClInclude>
    <ClInclude Include="src\abc\Alembic\AbcGeom\GeometryScope.h">
      <Filter>src\abc</Filter>
    </ClInclude>
    <ClInclude Include="src\abc\Alembic\AbcGeom\ICamera.h">
      <Filter>src\abc</Filter>
    </ClInclude>
    <ClInclude Include="src\abc\Alembic\AbcGeom\ICurves.h">
      <Filter>src\abc</Filter>
    </ClInclude>
    <ClInclude Include="src\abc\Alembic\AbcGeom\IFaceSet.h">
      <Filter>src\abc</Filter>
    </ClInclude>
    <ClInclude Include="src\abc\Alembic\AbcGeom\IGeomBase.h">
      <Filter>src\abc</Filter>
    </ClInclude>
    <ClInclude Include="src\abc\Alembic\AbcGeom\IGeomParam.h">
      <Filter>src\abc</Filter>
    </ClInclude>
    <ClInclude Include="src\abc\Alembic\AbcGeom\ILight.h">
      <Filter>src\abc</Filter>
    </ClInclude>
    <ClInclude Include="src\abc\Alembic\AbcGeom\INuPatch.h">
      <Filter>src\abc</Filter>
    </ClInclude>
    <ClInclude Include="src\abc\Alembic\AbcGeom\IPoints.h">
      <Filter>src\abc</Filter>
    </ClInclude>
    <ClInclude Include="src\abc\Alembic\AbcGeom\IPolyMesh.h">
      <Filter>src\abc</Filter>
    </ClInclude>
    <ClInclude Include="src\abc\Alembic\AbcGeom\ISubD.h">
      <Filter>src\abc</Filter>
    </ClInclude>
    <ClInclude Include="src\abc\Alembic\AbcGeom\IXform.h">
      <Filter>src\abc</Filter>
    </ClInclude>
    <ClInclude Include="src\abc\Alembic\AbcGeom\OCamera.h">
      <Filter>src\abc</Filter>
    </ClInclude>
    <ClInclude Include="src\abc\Alembic\AbcGeom\OCurves.h">
      <Filter>src\abc</Filter>
    </ClInclude>
    <ClInclude Include="src\abc\Alembic\AbcGeom\OFaceSet.h">
      <Filter>src\abc</Filter>
    </ClInclude>
    <ClInclude Include="src\abc\Alembic\AbcGeom\OGeomBase.h">
      <Filter>src\abc</Filter>
    </ClInclude>
    <ClInclude Include="src\abc\Alembic\AbcGeom\OGeomParam.h">
      <Filter>src\abc</Filter>
    </ClInclude>
    <ClInclude Include="src\abc\Alembic\AbcGeom\OLight.h">
      <Filter>src\abc</Filter>
    </ClInclude>
    <ClInclude Include="src\abc\Alembic\AbcGeom\ONuPatch.h">
      <Filter>src\abc</Filter>
    </ClInclude>
    <ClInclude Include="src\abc\Alembic\AbcGeom\OPoints.h">
      <Filter>src\abc</Filter>
    </ClInclude>
    <ClInclude Include="src\abc\Alembic\AbcGeom\OPolyMesh.h">
      <Filter>src\abc</Filter>
    </ClInclude>
    <ClInclude Include="src\abc\Alembic\AbcGeom\OSubD.h">
      <Filter>src\abc</Filter>
    </ClInclude>
    <ClInclude Include="src\abc\Alembic\AbcGeom\OXform.h">
      <Filter>src\abc</Filter>
    </ClInclude>
    <ClInclude Include="src\abc\Alembic\AbcGeom\SchemaInfoDeclarations.h">
      <Filter>src\abc</Filter>
    </ClInclude>
    <ClInclude Include="src\abc\Alembic\AbcGeom\Visibility.h">
      <Filter>src\abc</Filter>
    </ClInclude>
    <ClInclude Include="src\abc\Alembic\AbcGeom\XformOp.h">
      <Filter>src\abc</Filter>
    </ClInclude>
    <ClInclude Include="src\abc\Alembic\AbcGeom\XformSample.h">
      <Filter>src\abc</Filter>
    </ClInclude>
    <ClInclude Include="src\abc\Alembic\AbcMaterial\All.h">
      <Filter>src\abc</Filter>
    </ClInclude>
    <ClInclude Include="src\abc\Alembic\AbcMaterial\IMaterial.h">
      <Filter>src\abc</Filter>
    </ClInclude>
    <ClInclude Include="src\abc\Alembic\AbcMaterial\InternalUtil.h">
      <Filter>src\abc</Filter>
    </ClInclude>
    <ClInclude Include="src\abc\Alembic\AbcMaterial\MaterialAssignment.h">
      <Filter>src\abc</Filter>
    </ClInclude>
    <ClInclude Include="src\abc\Alembic\AbcMaterial\MaterialFlatten.h">
      <Filter>src\abc</Filter>
    </ClInclude>
    <ClInclude Include="src\abc\Alembic\AbcMaterial\OMaterial.h">
      <Filter>src\abc</Filter>
    </ClInclude>
    <ClInclude Include="src\abc\Alembic\AbcMaterial\SchemaInfoDeclarations.h">
      <Filter>src\abc</Filter>
    </ClInclude>
    <ClInclude Include="src\abc\Alembic\Ogawa\All.h">
      <Filter>src\abc</Filter>
    </ClInclude>
    <ClInclude Include="src\abc\Alembic\Ogawa\Foundation.h">
      <Filter>src\abc</Filter>
    </ClInclude>
    <ClInclude Include="src\abc\Alembic\Ogawa\IArchive.h">
      <Filter>src\abc</Filter>
    </ClInclude>
    <ClInclude Include="src\abc\Alembic\Ogawa\IData.h">
      <Filter>src\abc</Filter>
    </ClInclude>
    <ClInclude Include="src\abc\Alembic\Ogawa\IGroup.h">
      <Filter>src\abc</Filter>
    </ClInclude>
    <ClInclude Include="src\abc\Alembic\Ogawa\IStreams.h">
      <Filter>src\abc</Filter>
    </ClInclude>
    <ClInclude Include="src\abc\Alembic\Ogawa\OArchive.h">
      <Filter>src\abc</Filter>
    </ClInclude>
    <ClInclude Include="src\abc\Alembic\Ogawa\OData.h">
      <Filter>src\abc</Filter>
    </ClInclude>
    <ClInclude Include="src\abc\Alembic\Ogawa\OGroup.h">
      <Filter>src\abc</Filter>
    </ClInclude>
    <ClInclude Include="src\abc\Alembic\Ogawa\OStream.h">
      <Filter>src\abc</Filter>
    </ClInclude>
    <ClInclude Include="src\abc\Alembic\Util\All.h">
      <Filter>src\abc</Filter>
    </ClInclude>
    <ClInclude Include="src\abc\Alembic\Util\Config.h">
      <Filter>src\abc</Filter>
    </ClInclude>
    <ClInclude Include="src\abc\Alembic\Util\Digest.h">
      <Filter>src\abc</Filter>
    </ClInclude>
    <ClInclude Include="src\abc\Alembic\Util\Dimensions.h">
      <Filter>src\abc</Filter>
    </ClInclude>
    <ClInclude Include="src\abc\Alembic\Util\Exception.h">
      <Filter>src\abc</Filter>
    </ClInclude>
    <ClInclude Include="src\abc\Alembic\Util\Export.h">
      <Filter>src\abc</Filter>
    </ClInclude>
    <ClInclude Include="src\abc\Alembic\Util\Foundation.h">
      <Filter>src\abc</Filter>
    </ClInclude>
    <ClInclude Include="src\abc\Alembic\Util\Murmur3.h">
      <Filter>src\abc</Filter>
    </ClInclude>
    <ClInclude Include="src\abc\Alembic\Util\Naming.h">
      <Filter>src\abc</Filter>
    </ClInclude>
    <ClInclude Include="src\abc\Alembic\Util\OperatorBool.h">
      <Filter>src\abc</Filter>
    </ClInclude>
    <ClInclude Include="src\abc\Alembic\Util\PlainOldDataType.h">
      <Filter>src\abc</Filter>
    </ClInclude>
    <ClInclude Include="src\abc\Alembic\Util\SpookyV2.h">
      <Filter>src\abc</Filter>
    </ClInclude>
    <ClInclude Include="src\abc\Alembic\Util\TokenMap.h">
      <Filter>src\abc</Filter>
    </ClInclude>
    <ClInclude Include="src\abc\eLut.h">
      <Filter>src\abc</Filter>
    </ClInclude>
    <ClInclude Include="src\abc\half.h">
      <Filter>src\abc</Filter>
    </ClInclude>
    <ClInclude Include="src\abc\halfExport.h">
      <Filter>src\abc</Filter>
    </ClInclude>
    <ClInclude Include="src\abc\halfFunction.h">
      <Filter>src\abc</Filter>
    </ClInclude>
    <ClInclude Include="src\abc\halfLimits.h">
      <Filter>src\abc</Filter>
    </ClInclude>
    <ClInclude Include="src\abc\Iex.h">
      <Filter>src\abc</Filter>
    </ClInclude>
    <ClInclude Include="src\abc\IexBaseExc.h">
      <Filter>src\abc</Filter>
    </ClInclude>
    <ClInclude Include="src\abc\IexErrnoExc.h">
      <Filter>src\abc</Filter>
    </ClInclude>
    <ClInclude Include="src\abc\IexExport.h">
      <Filter>src\abc</Filter>
    </ClInclude>
    <ClInclude Include="src\abc\IexForward.h">
      <Filter>src\abc</Filter>
    </ClInclude>
    <ClInclude Include="src\abc\IexMacros.h">
      <Filter>src\abc</Filter>
    </ClInclude>
    <ClInclude Include="src\abc\IexMathExc.h">
      <Filter>src\abc</Filter>
    </ClInclude>
    <ClInclude Include="src\abc\IexMathFloatExc.h">
      <Filter>src\abc</Filter>
    </ClInclude>
    <ClInclude Include="src\abc\IexMathFpu.h">
      <Filter>src\abc</Filter>
    </ClInclude>
    <ClInclude Include="src\abc\IexMathIeeeExc.h">
      <Filter>src\abc</Filter>
    </ClInclude>
    <ClInclude Include="src\abc\IexNamespace.h">
      <Filter>src\abc</Filter>
    </ClInclude>
    <ClInclude Include="src\abc\IexThrowErrnoExc.h">
      <Filter>src\abc</Filter>
    </ClInclude>
    <ClInclude Include="src\abc\IlmBaseConfig.h">
      <Filter>src\abc</Filter>
    </ClInclude>
    <ClInclude Include="src\abc\IlmThread.h">
      <Filter>src\abc</Filter>
    </ClInclude>
    <ClInclude Include="src\abc\IlmThreadExport.h">
      <Filter>src\abc</Filter>
    </ClInclude>
    <ClInclude Include="src\abc\IlmThreadForward.h">
      <Filter>src\abc</Filter>
    </ClInclude>
    <ClInclude Include="src\abc\IlmThreadMutex.h">
      <Filter>src\abc</Filter>
    </ClInclude>
    <ClInclude Include="src\abc\IlmThreadNamespace.h">
      <Filter>src\abc</Filter>
    </ClInclude>
    <ClInclude Include="src\abc\IlmThreadPool.h">
      <Filter>src\abc</Filter>
    </ClInclude>
    <ClInclude Include="src\abc\IlmThreadSemaphore.h">
      <Filter>src\abc</Filter>
    </ClInclude>
    <ClInclude Include="src\abc\ImathBox.h">
      <Filter>src\abc</Filter>
    </ClInclude>
    <ClInclude Include="src\abc\ImathBoxAlgo.h">
      <Filter>src\abc</Filter>
    </ClInclude>
    <ClInclude Include="src\abc\ImathColor.h">
      <Filter>src\abc</Filter>
    </ClInclude>
    <ClInclude Include="src\abc\ImathColorAlgo.h">
      <Filter>src\abc</Filter>
    </ClInclude>
    <ClInclude Include="src\abc\ImathEuler.h">
      <Filter>src\abc</Filter>
    </ClInclude>
    <ClInclude Include="src\abc\ImathExc.h">
      <Filter>src\abc</Filter>
    </ClInclude>
    <ClInclude Include="src\abc\ImathExport.h">
      <Filter>src\abc</Filter>
    </ClInclude>
    <ClInclude Include="src\abc\ImathForward.h">
      <Filter>src\abc</Filter>
    </ClInclude>
    <ClInclude Include="src\abc\ImathFrame.h">
      <Filter>src\abc</Filter>
    </ClInclude>
    <ClInclude Include="src\abc\ImathFrustum.h">
      <Filter>src\abc</Filter>
    </ClInclude>
    <ClInclude Include="src\abc\ImathFrustumTest.h">
      <Filter>src\abc</Filter>
    </ClInclude>
    <ClInclude Include="src\abc\ImathFun.h">
      <Filter>src\abc</Filter>
    </ClInclude>
    <ClInclude Include="src\abc\ImathGL.h">
      <Filter>src\abc</Filter>
    </ClInclude>
    <ClInclude Include="src\abc\ImathGLU.h">
      <Filter>src\abc</Filter>
    </ClInclude>
    <ClInclude Include="src\abc\ImathHalfLimits.h">
      <Filter>src\abc</Filter>
    </ClInclude>
    <ClInclude Include="src\abc\ImathInt64.h">
      <Filter>src\abc</Filter>
    </ClInclude>
    <ClInclude Include="src\abc\ImathInterval.h">
      <Filter>src\abc</Filter>
    </ClInclude>
    <ClInclude Include="src\abc\ImathLimits.h">
      <Filter>src\abc</Filter>
    </ClInclude>
    <ClInclude Include="src\abc\ImathLine.h">
      <Filter>src\abc</Filter>
    </ClInclude>
    <ClInclude Include="src\abc\ImathLineAlgo.h">
      <Filter>src\abc</Filter>
    </ClInclude>
    <ClInclude Include="src\abc\ImathMath.h">
      <Filter>src\abc</Filter>
    </ClInclude>
    <ClInclude Include="src\abc\ImathMatrix.h">
      <Filter>src\abc</Filter>
    </ClInclude>
    <ClInclude Include="src\abc\ImathMatrixAlgo.h">
      <Filter>src\abc</Filter>
    </ClInclude>
    <ClInclude Include="src\abc\ImathNamespace.h">
      <Filter>src\abc</Filter>
    </ClInclude>
    <ClInclude Include="src\abc\ImathPlane.h">
      <Filter>src\abc</Filter>
    </ClInclude>
    <ClInclude Include="src\abc\ImathPlatform.h">
      <Filter>src\abc</Filter>
    </ClInclude>
    <ClInclude Include="src\abc\ImathQuat.h">
      <Filter>src\abc</Filter>
    </ClInclude>
    <ClInclude Include="src\abc\ImathRandom.h">
      <Filter>src\abc</Filter>
    </ClInclude>
    <ClInclude Include="src\abc\ImathRoots.h">
      <Filter>src\abc</Filter>
    </ClInclude>
    <ClInclude Include="src\abc\ImathShear.h">
      <Filter>src\abc</Filter>
    </ClInclude>
    <ClInclude Include="src\abc\ImathSphere.h">
      <Filter>src\abc</Filter>
    </ClInclude>
    <ClInclude Include="src\abc\ImathVec.h">
      <Filter>src\abc</Filter>
    </ClInclude>
    <ClInclude Include="src\abc\ImathVecAlgo.h">
      <Filter>src\abc</Filter>
    </ClInclude>
    <ClInclude Include="src\abc\toFloat.h">
      <Filter>src\abc</Filter>
    </ClInclude>
  </ItemGroup>
  <ItemGroup>
    <ResourceCompile Include="icon.rc" />
  </ItemGroup>
</Project>